
Microsoft Visual Studio Solution File, Format Version 12.00
# Visual Studio Version 16
VisualStudioVersion = 16.0.32929.386
MinimumVisualStudioVersion = 10.0.40219.1
Project("{FAE04EC0-301F-11D3-BF4B-00C04F79EFBC}") = "EntityComponentSystem", "EntityComponentSystem\EntityComponentSystem.csproj", "{78BE9DCB-D627-43FB-92D2-85C0F0D04F2E}"
EndProject
Global
	GlobalSection(SolutionConfigurationPlatforms) = preSolution
		Debug|x86 = Debug|x86
		Release|x86 = Release|x86
	EndGlobalSection
	GlobalSection(ProjectConfigurationPlatforms) = postSolution
		{78BE9DCB-D627-43FB-92D2-85C0F0D04F2E}.Debug|x86.ActiveCfg = Debug|x86
		{78BE9DCB-D627-43FB-92D2-85C0F0D04F2E}.Debug|x86.Build.0 = Debug|x86
		{78BE9DCB-D627-43FB-92D2-85C0F0D04F2E}.Release|x86.ActiveCfg = Release|x86
		{78BE9DCB-D627-43FB-92D2-85C0F0D04F2E}.Release|x86.Build.0 = Release|x86
	EndGlobalSection
	GlobalSection(SolutionProperties) = preSolution
		HideSolutionNode = FALSE
	EndGlobalSection
	GlobalSection(ExtensibilityGlobals) = postSolution
		SolutionGuid = {53682259-9597-4B8B-8938-B6999D7ACF9E}
	EndGlobalSection
EndGlobal
